
Microsoft Visual Studio Solution File, Format Version 12.00
# Visual Studio Version 17
Project("{2150E333-8FDC-42A3-9474-1A3956D46DE8}") = "CMakePredefinedTargets", "CMakePredefinedTargets", "{C96D2DC2-15C5-32CF-A98D-428B9855AA7B}"
EndProject
Project("{8BC9CEB8-8B4A-11D0-8D11-00A0C91BC942}") = "ALL_BUILD", "ALL_BUILD.vcxproj", "{C0B33ED3-11BC-3715-8067-FDBE9AD66E06}"
	ProjectSection(ProjectDependencies) = postProject
		{BA675967-AFF6-32A8-8C3B-EBD59F986F14} = {BA675967-AFF6-32A8-8C3B-EBD59F986F14}
		{B79E7F28-6C7F-3A02-8F8C-3EEF8C11F273} = {B79E7F28-6C7F-3A02-8F8C-3EEF8C11F273}
	EndProjectSection
EndProject
Project("{8BC9CEB8-8B4A-11D0-8D11-00A0C91BC942}") = "ZERO_CHECK", "..\\ZERO_CHECK.vcxproj", "{BA675967-AFF6-32A8-8C3B-EBD59F986F14}"
	ProjectSection(ProjectDependencies) = postProject
	EndProjectSection
EndProject
Project("{8BC9CEB8-8B4A-11D0-8D11-00A0C91BC942}") = "fmt", "fmt.vcxproj", "{B79E7F28-6C7F-3A02-8F8C-3EEF8C11F273}"
	ProjectSection(ProjectDependencies) = postProject
		{BA675967-AFF6-32A8-8C3B-EBD59F986F14} = {BA675967-AFF6-32A8-8C3B-EBD59F986F14}
	EndProjectSection
EndProject
Global
	GlobalSection(SolutionConfigurationPlatforms) = preSolution
		Debug|x64 = Debug|x64
		Release|x64 = Release|x64
		MinSizeRel|x64 = MinSizeRel|x64
		RelWithDebInfo|x64 = RelWithDebInfo|x64
	EndGlobalSection
	GlobalSection(ProjectConfigurationPlatforms) = postSolution
		{C0B33ED3-11BC-3715-8067-FDBE9AD66E06}.Debug|x64.ActiveCfg = Debug|x64
		{C0B33ED3-11BC-3715-8067-FDBE9AD66E06}.Release|x64.ActiveCfg = Release|x64
		{C0B33ED3-11BC-3715-8067-FDBE9AD66E06}.MinSizeRel|x64.ActiveCfg = MinSizeRel|x64
		{C0B33ED3-11BC-3715-8067-FDBE9AD66E06}.RelWithDebInfo|x64.ActiveCfg = RelWithDebInfo|x64
		{BA675967-AFF6-32A8-8C3B-EBD59F986F14}.Debug|x64.ActiveCfg = Debug|x64
		{BA675967-AFF6-32A8-8C3B-EBD59F986F14}.Debug|x64.Build.0 = Debug|x64
		{BA675967-AFF6-32A8-8C3B-EBD59F986F14}.Release|x64.ActiveCfg = Release|x64
		{BA675967-AFF6-32A8-8C3B-EBD59F986F14}.Release|x64.Build.0 = Release|x64
		{BA675967-AFF6-32A8-8C3B-EBD59F986F14}.MinSizeRel|x64.ActiveCfg = MinSizeRel|x64
		{BA675967-AFF6-32A8-8C3B-EBD59F986F14}.MinSizeRel|x64.Build.0 = MinSizeRel|x64
		{BA675967-AFF6-32A8-8C3B-EBD59F986F14}.RelWithDebInfo|x64.ActiveCfg = RelWithDebInfo|x64
		{BA675967-AFF6-32A8-8C3B-EBD59F986F14}.RelWithDebInfo|x64.Build.0 = RelWithDebInfo|x64
		{B79E7F28-6C7F-3A02-8F8C-3EEF8C11F273}.Debug|x64.ActiveCfg = Debug|x64
		{B79E7F28-6C7F-3A02-8F8C-3EEF8C11F273}.Debug|x64.Build.0 = Debug|x64
		{B79E7F28-6C7F-3A02-8F8C-3EEF8C11F273}.Release|x64.ActiveCfg = Release|x64
		{B79E7F28-6C7F-3A02-8F8C-3EEF8C11F273}.Release|x64.Build.0 = Release|x64
		{B79E7F28-6C7F-3A02-8F8C-3EEF8C11F273}.MinSizeRel|x64.ActiveCfg = MinSizeRel|x64
		{B79E7F28-6C7F-3A02-8F8C-3EEF8C11F273}.MinSizeRel|x64.Build.0 = MinSizeRel|x64
		{B79E7F28-6C7F-3A02-8F8C-3EEF8C11F273}.RelWithDebInfo|x64.ActiveCfg = RelWithDebInfo|x64
		{B79E7F28-6C7F-3A02-8F8C-3EEF8C11F273}.RelWithDebInfo|x64.Build.0 = RelWithDebInfo|x64
	EndGlobalSection
	GlobalSection(NestedProjects) = preSolution
		{C0B33ED3-11BC-3715-8067-FDBE9AD66E06} = {C96D2DC2-15C5-32CF-A98D-428B9855AA7B}
		{BA675967-AFF6-32A8-8C3B-EBD59F986F14} = {C96D2DC2-15C5-32CF-A98D-428B9855AA7B}
	EndGlobalSection
	GlobalSection(ExtensibilityGlobals) = postSolution
		SolutionGuid = {FDB9BC49-C727-3F3F-AAA9-B06DBE16B3C9}
	EndGlobalSection
	GlobalSection(ExtensibilityAddIns) = postSolution
	EndGlobalSection
EndGlobal
