<?xml version="1.0" encoding="utf-8"?>
<Project ToolsVersion="17.0" xmlns="http://schemas.microsoft.com/developer/msbuild/2003">
  <ItemGroup>
    <CustomBuild Include="D:\Documents\Programming\CocosTests\Hexii\Hexii\proj.win32\CMakeFiles\7dd550de267b42950b7e33d44e0539b4\SYNC_RESOURCE-Hexii.rule">
      <Filter>CMake Rules</Filter>
    </CustomBuild>
    <CustomBuild Include="D:\Documents\Programming\CocosTests\Hexii\Hexii\CMakeLists.txt" />
  </ItemGroup>
  <ItemGroup>
    <None Include="D:\Documents\Programming\CocosTests\Hexii\Hexii\proj.win32\CMakeFiles\SYNC_RESOURCE-Hexii" />
  </ItemGroup>
  <ItemGroup>
    <Filter Include="CMake Rules">
      <UniqueIdentifier>{90314FF3-8419-3CC3-A1FC-7349BD49597D}</UniqueIdentifier>
    </Filter>
  </ItemGroup>
</Project>
