<?xml version="1.0" encoding="utf-8"?>
<Project ToolsVersion="17.0" xmlns="http://schemas.microsoft.com/developer/msbuild/2003">
  <ItemGroup>
    <CustomBuild Include="D:\Documents\Programming\CocosTests\Hexii1stIteration\Hexii\proj.win32\CMakeFiles\79cc45bfa2e4cca86e6b854bfaeb44c6\SYNC_RESOURCE-Hexii.rule">
      <Filter>CMake Rules</Filter>
    </CustomBuild>
    <CustomBuild Include="D:\Documents\Programming\CocosTests\Hexii1stIteration\Hexii\CMakeLists.txt" />
  </ItemGroup>
  <ItemGroup>
    <None Include="D:\Documents\Programming\CocosTests\Hexii1stIteration\Hexii\proj.win32\CMakeFiles\SYNC_RESOURCE-Hexii" />
  </ItemGroup>
  <ItemGroup>
    <Filter Include="CMake Rules">
      <UniqueIdentifier>{C98B8A1C-F7CC-3539-B5DE-6F90B62967A4}</UniqueIdentifier>
    </Filter>
  </ItemGroup>
</Project>
