
Microsoft Visual Studio Solution File, Format Version 12.00
# Visual Studio Version 17
Project("{2150E333-8FDC-42A3-9474-1A3956D46DE8}") = "CMakePredefinedTargets", "CMakePredefinedTargets", "{1EB17D4E-36C5-30B8-AAAD-765311385041}"
EndProject
Project("{2150E333-8FDC-42A3-9474-1A3956D46DE8}") = "External", "External", "{D9D043CE-31F1-3772-BD19-498589DC2F23}"
EndProject
Project("{2150E333-8FDC-42A3-9474-1A3956D46DE8}") = "Internal", "Internal", "{A7A5F16A-B588-309C-BE3C-940C06DDD82C}"
EndProject
Project("{8BC9CEB8-8B4A-11D0-8D11-00A0C91BC942}") = "ALL_BUILD", "ALL_BUILD.vcxproj", "{019D1DC1-DAD7-3817-A40C-FB2AC948DC4B}"
	ProjectSection(ProjectDependencies) = postProject
		{454CA76D-75FC-3F37-B9BA-0A2C1C033296} = {454CA76D-75FC-3F37-B9BA-0A2C1C033296}
		{595FAEE2-E95F-3D8E-BD74-375C4F59F4B2} = {595FAEE2-E95F-3D8E-BD74-375C4F59F4B2}
		{35CF7857-FC8A-31B7-8799-28D7A25E8BA2} = {35CF7857-FC8A-31B7-8799-28D7A25E8BA2}
		{FA952C72-0F18-33F1-B5ED-A7C71F16D254} = {FA952C72-0F18-33F1-B5ED-A7C71F16D254}
		{76BBE908-DA6C-3828-802B-F92E804C9EDA} = {76BBE908-DA6C-3828-802B-F92E804C9EDA}
		{656AE385-6D17-3B7D-B7DB-032FB95A5469} = {656AE385-6D17-3B7D-B7DB-032FB95A5469}
		{1D954DE0-5823-3C92-8483-5292639B4AC7} = {1D954DE0-5823-3C92-8483-5292639B4AC7}
		{2B3FDB08-E269-3550-B964-C7F3C78F03A6} = {2B3FDB08-E269-3550-B964-C7F3C78F03A6}
		{7FFBCAD9-6EC1-3283-AE63-CC193241F42C} = {7FFBCAD9-6EC1-3283-AE63-CC193241F42C}
		{B12248C4-C270-3F68-9005-85558CFB65CC} = {B12248C4-C270-3F68-9005-85558CFB65CC}
		{A98B18AB-19B3-3773-AF97-A39AD069B42B} = {A98B18AB-19B3-3773-AF97-A39AD069B42B}
		{BBA38255-6F48-3C69-A4DE-94A1244B3E14} = {BBA38255-6F48-3C69-A4DE-94A1244B3E14}
		{115B5BA8-BF6F-3B0C-980D-A8F71F3BE5B9} = {115B5BA8-BF6F-3B0C-980D-A8F71F3BE5B9}
	EndProjectSection
EndProject
Project("{8BC9CEB8-8B4A-11D0-8D11-00A0C91BC942}") = "ZERO_CHECK", "..\..\..\\ZERO_CHECK.vcxproj", "{454CA76D-75FC-3F37-B9BA-0A2C1C033296}"
	ProjectSection(ProjectDependencies) = postProject
	EndProjectSection
EndProject
Project("{8BC9CEB8-8B4A-11D0-8D11-00A0C91BC942}") = "cocos2d", "cocos2d.vcxproj", "{595FAEE2-E95F-3D8E-BD74-375C4F59F4B2}"
	ProjectSection(ProjectDependencies) = postProject
		{454CA76D-75FC-3F37-B9BA-0A2C1C033296} = {454CA76D-75FC-3F37-B9BA-0A2C1C033296}
		{35CF7857-FC8A-31B7-8799-28D7A25E8BA2} = {35CF7857-FC8A-31B7-8799-28D7A25E8BA2}
		{FA952C72-0F18-33F1-B5ED-A7C71F16D254} = {FA952C72-0F18-33F1-B5ED-A7C71F16D254}
		{76BBE908-DA6C-3828-802B-F92E804C9EDA} = {76BBE908-DA6C-3828-802B-F92E804C9EDA}
		{656AE385-6D17-3B7D-B7DB-032FB95A5469} = {656AE385-6D17-3B7D-B7DB-032FB95A5469}
		{1D954DE0-5823-3C92-8483-5292639B4AC7} = {1D954DE0-5823-3C92-8483-5292639B4AC7}
		{2B3FDB08-E269-3550-B964-C7F3C78F03A6} = {2B3FDB08-E269-3550-B964-C7F3C78F03A6}
		{7FFBCAD9-6EC1-3283-AE63-CC193241F42C} = {7FFBCAD9-6EC1-3283-AE63-CC193241F42C}
		{B12248C4-C270-3F68-9005-85558CFB65CC} = {B12248C4-C270-3F68-9005-85558CFB65CC}
		{A98B18AB-19B3-3773-AF97-A39AD069B42B} = {A98B18AB-19B3-3773-AF97-A39AD069B42B}
		{BBA38255-6F48-3C69-A4DE-94A1244B3E14} = {BBA38255-6F48-3C69-A4DE-94A1244B3E14}
		{115B5BA8-BF6F-3B0C-980D-A8F71F3BE5B9} = {115B5BA8-BF6F-3B0C-980D-A8F71F3BE5B9}
	EndProjectSection
EndProject
Project("{8BC9CEB8-8B4A-11D0-8D11-00A0C91BC942}") = "ext_clipper", "..\..\external\clipper\ext_clipper.vcxproj", "{35CF7857-FC8A-31B7-8799-28D7A25E8BA2}"
	ProjectSection(ProjectDependencies) = postProject
		{454CA76D-75FC-3F37-B9BA-0A2C1C033296} = {454CA76D-75FC-3F37-B9BA-0A2C1C033296}
	EndProjectSection
EndProject
Project("{8BC9CEB8-8B4A-11D0-8D11-00A0C91BC942}") = "ext_convertUTF", "..\..\external\ConvertUTF\ext_convertUTF.vcxproj", "{FA952C72-0F18-33F1-B5ED-A7C71F16D254}"
	ProjectSection(ProjectDependencies) = postProject
		{454CA76D-75FC-3F37-B9BA-0A2C1C033296} = {454CA76D-75FC-3F37-B9BA-0A2C1C033296}
	EndProjectSection
EndProject
Project("{8BC9CEB8-8B4A-11D0-8D11-00A0C91BC942}") = "ext_edtaa3func", "..\..\external\edtaa3func\ext_edtaa3func.vcxproj", "{76BBE908-DA6C-3828-802B-F92E804C9EDA}"
	ProjectSection(ProjectDependencies) = postProject
		{454CA76D-75FC-3F37-B9BA-0A2C1C033296} = {454CA76D-75FC-3F37-B9BA-0A2C1C033296}
	EndProjectSection
EndProject
Project("{8BC9CEB8-8B4A-11D0-8D11-00A0C91BC942}") = "ext_md5", "..\..\external\md5\ext_md5.vcxproj", "{656AE385-6D17-3B7D-B7DB-032FB95A5469}"
	ProjectSection(ProjectDependencies) = postProject
		{454CA76D-75FC-3F37-B9BA-0A2C1C033296} = {454CA76D-75FC-3F37-B9BA-0A2C1C033296}
	EndProjectSection
EndProject
Project("{8BC9CEB8-8B4A-11D0-8D11-00A0C91BC942}") = "ext_poly2tri", "..\..\external\poly2tri\ext_poly2tri.vcxproj", "{1D954DE0-5823-3C92-8483-5292639B4AC7}"
	ProjectSection(ProjectDependencies) = postProject
		{454CA76D-75FC-3F37-B9BA-0A2C1C033296} = {454CA76D-75FC-3F37-B9BA-0A2C1C033296}
	EndProjectSection
EndProject
Project("{8BC9CEB8-8B4A-11D0-8D11-00A0C91BC942}") = "ext_recast", "..\..\external\recast\ext_recast.vcxproj", "{2B3FDB08-E269-3550-B964-C7F3C78F03A6}"
	ProjectSection(ProjectDependencies) = postProject
		{454CA76D-75FC-3F37-B9BA-0A2C1C033296} = {454CA76D-75FC-3F37-B9BA-0A2C1C033296}
	EndProjectSection
EndProject
Project("{8BC9CEB8-8B4A-11D0-8D11-00A0C91BC942}") = "ext_tinyxml2", "..\..\external\tinyxml2\ext_tinyxml2.vcxproj", "{7FFBCAD9-6EC1-3283-AE63-CC193241F42C}"
	ProjectSection(ProjectDependencies) = postProject
		{454CA76D-75FC-3F37-B9BA-0A2C1C033296} = {454CA76D-75FC-3F37-B9BA-0A2C1C033296}
	EndProjectSection
EndProject
Project("{8BC9CEB8-8B4A-11D0-8D11-00A0C91BC942}") = "ext_unzip", "..\..\external\unzip\ext_unzip.vcxproj", "{B12248C4-C270-3F68-9005-85558CFB65CC}"
	ProjectSection(ProjectDependencies) = postProject
		{454CA76D-75FC-3F37-B9BA-0A2C1C033296} = {454CA76D-75FC-3F37-B9BA-0A2C1C033296}
	EndProjectSection
EndProject
Project("{8BC9CEB8-8B4A-11D0-8D11-00A0C91BC942}") = "ext_xxhash", "..\..\external\xxhash\ext_xxhash.vcxproj", "{A98B18AB-19B3-3773-AF97-A39AD069B42B}"
	ProjectSection(ProjectDependencies) = postProject
		{454CA76D-75FC-3F37-B9BA-0A2C1C033296} = {454CA76D-75FC-3F37-B9BA-0A2C1C033296}
	EndProjectSection
EndProject
Project("{8BC9CEB8-8B4A-11D0-8D11-00A0C91BC942}") = "ext_xxtea", "..\..\external\xxtea\ext_xxtea.vcxproj", "{BBA38255-6F48-3C69-A4DE-94A1244B3E14}"
	ProjectSection(ProjectDependencies) = postProject
		{454CA76D-75FC-3F37-B9BA-0A2C1C033296} = {454CA76D-75FC-3F37-B9BA-0A2C1C033296}
	EndProjectSection
EndProject
Project("{8BC9CEB8-8B4A-11D0-8D11-00A0C91BC942}") = "external", "..\..\external\external.vcxproj", "{115B5BA8-BF6F-3B0C-980D-A8F71F3BE5B9}"
	ProjectSection(ProjectDependencies) = postProject
		{454CA76D-75FC-3F37-B9BA-0A2C1C033296} = {454CA76D-75FC-3F37-B9BA-0A2C1C033296}
		{35CF7857-FC8A-31B7-8799-28D7A25E8BA2} = {35CF7857-FC8A-31B7-8799-28D7A25E8BA2}
		{FA952C72-0F18-33F1-B5ED-A7C71F16D254} = {FA952C72-0F18-33F1-B5ED-A7C71F16D254}
		{76BBE908-DA6C-3828-802B-F92E804C9EDA} = {76BBE908-DA6C-3828-802B-F92E804C9EDA}
		{656AE385-6D17-3B7D-B7DB-032FB95A5469} = {656AE385-6D17-3B7D-B7DB-032FB95A5469}
		{1D954DE0-5823-3C92-8483-5292639B4AC7} = {1D954DE0-5823-3C92-8483-5292639B4AC7}
		{2B3FDB08-E269-3550-B964-C7F3C78F03A6} = {2B3FDB08-E269-3550-B964-C7F3C78F03A6}
		{7FFBCAD9-6EC1-3283-AE63-CC193241F42C} = {7FFBCAD9-6EC1-3283-AE63-CC193241F42C}
		{B12248C4-C270-3F68-9005-85558CFB65CC} = {B12248C4-C270-3F68-9005-85558CFB65CC}
		{A98B18AB-19B3-3773-AF97-A39AD069B42B} = {A98B18AB-19B3-3773-AF97-A39AD069B42B}
		{BBA38255-6F48-3C69-A4DE-94A1244B3E14} = {BBA38255-6F48-3C69-A4DE-94A1244B3E14}
	EndProjectSection
EndProject
Global
	GlobalSection(SolutionConfigurationPlatforms) = preSolution
		Debug|win32 = Debug|win32
		Release|win32 = Release|win32
		MinSizeRel|win32 = MinSizeRel|win32
		RelWithDebInfo|win32 = RelWithDebInfo|win32
	EndGlobalSection
	GlobalSection(ProjectConfigurationPlatforms) = postSolution
		{019D1DC1-DAD7-3817-A40C-FB2AC948DC4B}.Debug|win32.ActiveCfg = Debug|win32
		{019D1DC1-DAD7-3817-A40C-FB2AC948DC4B}.Release|win32.ActiveCfg = Release|win32
		{019D1DC1-DAD7-3817-A40C-FB2AC948DC4B}.MinSizeRel|win32.ActiveCfg = MinSizeRel|win32
		{019D1DC1-DAD7-3817-A40C-FB2AC948DC4B}.RelWithDebInfo|win32.ActiveCfg = RelWithDebInfo|win32
		{454CA76D-75FC-3F37-B9BA-0A2C1C033296}.Debug|win32.ActiveCfg = Debug|win32
		{454CA76D-75FC-3F37-B9BA-0A2C1C033296}.Debug|win32.Build.0 = Debug|win32
		{454CA76D-75FC-3F37-B9BA-0A2C1C033296}.Release|win32.ActiveCfg = Release|win32
		{454CA76D-75FC-3F37-B9BA-0A2C1C033296}.Release|win32.Build.0 = Release|win32
		{454CA76D-75FC-3F37-B9BA-0A2C1C033296}.MinSizeRel|win32.ActiveCfg = MinSizeRel|win32
		{454CA76D-75FC-3F37-B9BA-0A2C1C033296}.MinSizeRel|win32.Build.0 = MinSizeRel|win32
		{454CA76D-75FC-3F37-B9BA-0A2C1C033296}.RelWithDebInfo|win32.ActiveCfg = RelWithDebInfo|win32
		{454CA76D-75FC-3F37-B9BA-0A2C1C033296}.RelWithDebInfo|win32.Build.0 = RelWithDebInfo|win32
		{595FAEE2-E95F-3D8E-BD74-375C4F59F4B2}.Debug|win32.ActiveCfg = Debug|win32
		{595FAEE2-E95F-3D8E-BD74-375C4F59F4B2}.Debug|win32.Build.0 = Debug|win32
		{595FAEE2-E95F-3D8E-BD74-375C4F59F4B2}.Release|win32.ActiveCfg = Release|win32
		{595FAEE2-E95F-3D8E-BD74-375C4F59F4B2}.Release|win32.Build.0 = Release|win32
		{595FAEE2-E95F-3D8E-BD74-375C4F59F4B2}.MinSizeRel|win32.ActiveCfg = MinSizeRel|win32
		{595FAEE2-E95F-3D8E-BD74-375C4F59F4B2}.MinSizeRel|win32.Build.0 = MinSizeRel|win32
		{595FAEE2-E95F-3D8E-BD74-375C4F59F4B2}.RelWithDebInfo|win32.ActiveCfg = RelWithDebInfo|win32
		{595FAEE2-E95F-3D8E-BD74-375C4F59F4B2}.RelWithDebInfo|win32.Build.0 = RelWithDebInfo|win32
		{35CF7857-FC8A-31B7-8799-28D7A25E8BA2}.Debug|win32.ActiveCfg = Debug|win32
		{35CF7857-FC8A-31B7-8799-28D7A25E8BA2}.Debug|win32.Build.0 = Debug|win32
		{35CF7857-FC8A-31B7-8799-28D7A25E8BA2}.Release|win32.ActiveCfg = Release|win32
		{35CF7857-FC8A-31B7-8799-28D7A25E8BA2}.Release|win32.Build.0 = Release|win32
		{35CF7857-FC8A-31B7-8799-28D7A25E8BA2}.MinSizeRel|win32.ActiveCfg = MinSizeRel|win32
		{35CF7857-FC8A-31B7-8799-28D7A25E8BA2}.MinSizeRel|win32.Build.0 = MinSizeRel|win32
		{35CF7857-FC8A-31B7-8799-28D7A25E8BA2}.RelWithDebInfo|win32.ActiveCfg = RelWithDebInfo|win32
		{35CF7857-FC8A-31B7-8799-28D7A25E8BA2}.RelWithDebInfo|win32.Build.0 = RelWithDebInfo|win32
		{FA952C72-0F18-33F1-B5ED-A7C71F16D254}.Debug|win32.ActiveCfg = Debug|win32
		{FA952C72-0F18-33F1-B5ED-A7C71F16D254}.Debug|win32.Build.0 = Debug|win32
		{FA952C72-0F18-33F1-B5ED-A7C71F16D254}.Release|win32.ActiveCfg = Release|win32
		{FA952C72-0F18-33F1-B5ED-A7C71F16D254}.Release|win32.Build.0 = Release|win32
		{FA952C72-0F18-33F1-B5ED-A7C71F16D254}.MinSizeRel|win32.ActiveCfg = MinSizeRel|win32
		{FA952C72-0F18-33F1-B5ED-A7C71F16D254}.MinSizeRel|win32.Build.0 = MinSizeRel|win32
		{FA952C72-0F18-33F1-B5ED-A7C71F16D254}.RelWithDebInfo|win32.ActiveCfg = RelWithDebInfo|win32
		{FA952C72-0F18-33F1-B5ED-A7C71F16D254}.RelWithDebInfo|win32.Build.0 = RelWithDebInfo|win32
		{76BBE908-DA6C-3828-802B-F92E804C9EDA}.Debug|win32.ActiveCfg = Debug|win32
		{76BBE908-DA6C-3828-802B-F92E804C9EDA}.Debug|win32.Build.0 = Debug|win32
		{76BBE908-DA6C-3828-802B-F92E804C9EDA}.Release|win32.ActiveCfg = Release|win32
		{76BBE908-DA6C-3828-802B-F92E804C9EDA}.Release|win32.Build.0 = Release|win32
		{76BBE908-DA6C-3828-802B-F92E804C9EDA}.MinSizeRel|win32.ActiveCfg = MinSizeRel|win32
		{76BBE908-DA6C-3828-802B-F92E804C9EDA}.MinSizeRel|win32.Build.0 = MinSizeRel|win32
		{76BBE908-DA6C-3828-802B-F92E804C9EDA}.RelWithDebInfo|win32.ActiveCfg = RelWithDebInfo|win32
		{76BBE908-DA6C-3828-802B-F92E804C9EDA}.RelWithDebInfo|win32.Build.0 = RelWithDebInfo|win32
		{656AE385-6D17-3B7D-B7DB-032FB95A5469}.Debug|win32.ActiveCfg = Debug|win32
		{656AE385-6D17-3B7D-B7DB-032FB95A5469}.Debug|win32.Build.0 = Debug|win32
		{656AE385-6D17-3B7D-B7DB-032FB95A5469}.Release|win32.ActiveCfg = Release|win32
		{656AE385-6D17-3B7D-B7DB-032FB95A5469}.Release|win32.Build.0 = Release|win32
		{656AE385-6D17-3B7D-B7DB-032FB95A5469}.MinSizeRel|win32.ActiveCfg = MinSizeRel|win32
		{656AE385-6D17-3B7D-B7DB-032FB95A5469}.MinSizeRel|win32.Build.0 = MinSizeRel|win32
		{656AE385-6D17-3B7D-B7DB-032FB95A5469}.RelWithDebInfo|win32.ActiveCfg = RelWithDebInfo|win32
		{656AE385-6D17-3B7D-B7DB-032FB95A5469}.RelWithDebInfo|win32.Build.0 = RelWithDebInfo|win32
		{1D954DE0-5823-3C92-8483-5292639B4AC7}.Debug|win32.ActiveCfg = Debug|win32
		{1D954DE0-5823-3C92-8483-5292639B4AC7}.Debug|win32.Build.0 = Debug|win32
		{1D954DE0-5823-3C92-8483-5292639B4AC7}.Release|win32.ActiveCfg = Release|win32
		{1D954DE0-5823-3C92-8483-5292639B4AC7}.Release|win32.Build.0 = Release|win32
		{1D954DE0-5823-3C92-8483-5292639B4AC7}.MinSizeRel|win32.ActiveCfg = MinSizeRel|win32
		{1D954DE0-5823-3C92-8483-5292639B4AC7}.MinSizeRel|win32.Build.0 = MinSizeRel|win32
		{1D954DE0-5823-3C92-8483-5292639B4AC7}.RelWithDebInfo|win32.ActiveCfg = RelWithDebInfo|win32
		{1D954DE0-5823-3C92-8483-5292639B4AC7}.RelWithDebInfo|win32.Build.0 = RelWithDebInfo|win32
		{2B3FDB08-E269-3550-B964-C7F3C78F03A6}.Debug|win32.ActiveCfg = Debug|win32
		{2B3FDB08-E269-3550-B964-C7F3C78F03A6}.Debug|win32.Build.0 = Debug|win32
		{2B3FDB08-E269-3550-B964-C7F3C78F03A6}.Release|win32.ActiveCfg = Release|win32
		{2B3FDB08-E269-3550-B964-C7F3C78F03A6}.Release|win32.Build.0 = Release|win32
		{2B3FDB08-E269-3550-B964-C7F3C78F03A6}.MinSizeRel|win32.ActiveCfg = MinSizeRel|win32
		{2B3FDB08-E269-3550-B964-C7F3C78F03A6}.MinSizeRel|win32.Build.0 = MinSizeRel|win32
		{2B3FDB08-E269-3550-B964-C7F3C78F03A6}.RelWithDebInfo|win32.ActiveCfg = RelWithDebInfo|win32
		{2B3FDB08-E269-3550-B964-C7F3C78F03A6}.RelWithDebInfo|win32.Build.0 = RelWithDebInfo|win32
		{7FFBCAD9-6EC1-3283-AE63-CC193241F42C}.Debug|win32.ActiveCfg = Debug|win32
		{7FFBCAD9-6EC1-3283-AE63-CC193241F42C}.Debug|win32.Build.0 = Debug|win32
		{7FFBCAD9-6EC1-3283-AE63-CC193241F42C}.Release|win32.ActiveCfg = Release|win32
		{7FFBCAD9-6EC1-3283-AE63-CC193241F42C}.Release|win32.Build.0 = Release|win32
		{7FFBCAD9-6EC1-3283-AE63-CC193241F42C}.MinSizeRel|win32.ActiveCfg = MinSizeRel|win32
		{7FFBCAD9-6EC1-3283-AE63-CC193241F42C}.MinSizeRel|win32.Build.0 = MinSizeRel|win32
		{7FFBCAD9-6EC1-3283-AE63-CC193241F42C}.RelWithDebInfo|win32.ActiveCfg = RelWithDebInfo|win32
		{7FFBCAD9-6EC1-3283-AE63-CC193241F42C}.RelWithDebInfo|win32.Build.0 = RelWithDebInfo|win32
		{B12248C4-C270-3F68-9005-85558CFB65CC}.Debug|win32.ActiveCfg = Debug|win32
		{B12248C4-C270-3F68-9005-85558CFB65CC}.Debug|win32.Build.0 = Debug|win32
		{B12248C4-C270-3F68-9005-85558CFB65CC}.Release|win32.ActiveCfg = Release|win32
		{B12248C4-C270-3F68-9005-85558CFB65CC}.Release|win32.Build.0 = Release|win32
		{B12248C4-C270-3F68-9005-85558CFB65CC}.MinSizeRel|win32.ActiveCfg = MinSizeRel|win32
		{B12248C4-C270-3F68-9005-85558CFB65CC}.MinSizeRel|win32.Build.0 = MinSizeRel|win32
		{B12248C4-C270-3F68-9005-85558CFB65CC}.RelWithDebInfo|win32.ActiveCfg = RelWithDebInfo|win32
		{B12248C4-C270-3F68-9005-85558CFB65CC}.RelWithDebInfo|win32.Build.0 = RelWithDebInfo|win32
		{A98B18AB-19B3-3773-AF97-A39AD069B42B}.Debug|win32.ActiveCfg = Debug|win32
		{A98B18AB-19B3-3773-AF97-A39AD069B42B}.Debug|win32.Build.0 = Debug|win32
		{A98B18AB-19B3-3773-AF97-A39AD069B42B}.Release|win32.ActiveCfg = Release|win32
		{A98B18AB-19B3-3773-AF97-A39AD069B42B}.Release|win32.Build.0 = Release|win32
		{A98B18AB-19B3-3773-AF97-A39AD069B42B}.MinSizeRel|win32.ActiveCfg = MinSizeRel|win32
		{A98B18AB-19B3-3773-AF97-A39AD069B42B}.MinSizeRel|win32.Build.0 = MinSizeRel|win32
		{A98B18AB-19B3-3773-AF97-A39AD069B42B}.RelWithDebInfo|win32.ActiveCfg = RelWithDebInfo|win32
		{A98B18AB-19B3-3773-AF97-A39AD069B42B}.RelWithDebInfo|win32.Build.0 = RelWithDebInfo|win32
		{BBA38255-6F48-3C69-A4DE-94A1244B3E14}.Debug|win32.ActiveCfg = Debug|win32
		{BBA38255-6F48-3C69-A4DE-94A1244B3E14}.Debug|win32.Build.0 = Debug|win32
		{BBA38255-6F48-3C69-A4DE-94A1244B3E14}.Release|win32.ActiveCfg = Release|win32
		{BBA38255-6F48-3C69-A4DE-94A1244B3E14}.Release|win32.Build.0 = Release|win32
		{BBA38255-6F48-3C69-A4DE-94A1244B3E14}.MinSizeRel|win32.ActiveCfg = MinSizeRel|win32
		{BBA38255-6F48-3C69-A4DE-94A1244B3E14}.MinSizeRel|win32.Build.0 = MinSizeRel|win32
		{BBA38255-6F48-3C69-A4DE-94A1244B3E14}.RelWithDebInfo|win32.ActiveCfg = RelWithDebInfo|win32
		{BBA38255-6F48-3C69-A4DE-94A1244B3E14}.RelWithDebInfo|win32.Build.0 = RelWithDebInfo|win32
		{115B5BA8-BF6F-3B0C-980D-A8F71F3BE5B9}.Debug|win32.ActiveCfg = Debug|win32
		{115B5BA8-BF6F-3B0C-980D-A8F71F3BE5B9}.Debug|win32.Build.0 = Debug|win32
		{115B5BA8-BF6F-3B0C-980D-A8F71F3BE5B9}.Release|win32.ActiveCfg = Release|win32
		{115B5BA8-BF6F-3B0C-980D-A8F71F3BE5B9}.Release|win32.Build.0 = Release|win32
		{115B5BA8-BF6F-3B0C-980D-A8F71F3BE5B9}.MinSizeRel|win32.ActiveCfg = MinSizeRel|win32
		{115B5BA8-BF6F-3B0C-980D-A8F71F3BE5B9}.MinSizeRel|win32.Build.0 = MinSizeRel|win32
		{115B5BA8-BF6F-3B0C-980D-A8F71F3BE5B9}.RelWithDebInfo|win32.ActiveCfg = RelWithDebInfo|win32
		{115B5BA8-BF6F-3B0C-980D-A8F71F3BE5B9}.RelWithDebInfo|win32.Build.0 = RelWithDebInfo|win32
	EndGlobalSection
	GlobalSection(NestedProjects) = preSolution
		{019D1DC1-DAD7-3817-A40C-FB2AC948DC4B} = {1EB17D4E-36C5-30B8-AAAD-765311385041}
		{454CA76D-75FC-3F37-B9BA-0A2C1C033296} = {1EB17D4E-36C5-30B8-AAAD-765311385041}
		{35CF7857-FC8A-31B7-8799-28D7A25E8BA2} = {D9D043CE-31F1-3772-BD19-498589DC2F23}
		{FA952C72-0F18-33F1-B5ED-A7C71F16D254} = {D9D043CE-31F1-3772-BD19-498589DC2F23}
		{76BBE908-DA6C-3828-802B-F92E804C9EDA} = {D9D043CE-31F1-3772-BD19-498589DC2F23}
		{656AE385-6D17-3B7D-B7DB-032FB95A5469} = {D9D043CE-31F1-3772-BD19-498589DC2F23}
		{1D954DE0-5823-3C92-8483-5292639B4AC7} = {D9D043CE-31F1-3772-BD19-498589DC2F23}
		{2B3FDB08-E269-3550-B964-C7F3C78F03A6} = {D9D043CE-31F1-3772-BD19-498589DC2F23}
		{7FFBCAD9-6EC1-3283-AE63-CC193241F42C} = {D9D043CE-31F1-3772-BD19-498589DC2F23}
		{B12248C4-C270-3F68-9005-85558CFB65CC} = {D9D043CE-31F1-3772-BD19-498589DC2F23}
		{A98B18AB-19B3-3773-AF97-A39AD069B42B} = {D9D043CE-31F1-3772-BD19-498589DC2F23}
		{BBA38255-6F48-3C69-A4DE-94A1244B3E14} = {D9D043CE-31F1-3772-BD19-498589DC2F23}
		{115B5BA8-BF6F-3B0C-980D-A8F71F3BE5B9} = {D9D043CE-31F1-3772-BD19-498589DC2F23}
		{595FAEE2-E95F-3D8E-BD74-375C4F59F4B2} = {A7A5F16A-B588-309C-BE3C-940C06DDD82C}
	EndGlobalSection
	GlobalSection(ExtensibilityGlobals) = postSolution
		SolutionGuid = {FDD281A6-EC2E-3960-83CA-AECA8C5809BE}
	EndGlobalSection
	GlobalSection(ExtensibilityAddIns) = postSolution
	EndGlobalSection
EndGlobal
