
Microsoft Visual Studio Solution File, Format Version 12.00
# Visual Studio Version 17
Project("{2150E333-8FDC-42A3-9474-1A3956D46DE8}") = "CMakePredefinedTargets", "CMakePredefinedTargets", "{C96D2DC2-15C5-32CF-A98D-428B9855AA7B}"
EndProject
Project("{2150E333-8FDC-42A3-9474-1A3956D46DE8}") = "External", "External", "{328CCA44-956F-3619-97F3-E8862618AF64}"
EndProject
Project("{2150E333-8FDC-42A3-9474-1A3956D46DE8}") = "Internal", "Internal", "{63D3546F-B97D-36F2-B663-AB0F4DF7AA34}"
EndProject
Project("{8BC9CEB8-8B4A-11D0-8D11-00A0C91BC942}") = "ALL_BUILD", "ALL_BUILD.vcxproj", "{C0B33ED3-11BC-3715-8067-FDBE9AD66E06}"
	ProjectSection(ProjectDependencies) = postProject
		{BA675967-AFF6-32A8-8C3B-EBD59F986F14} = {BA675967-AFF6-32A8-8C3B-EBD59F986F14}
		{841C1027-E4F5-3C0B-A490-5D6C4F8B3A89} = {841C1027-E4F5-3C0B-A490-5D6C4F8B3A89}
		{1B2E12FC-75D0-318D-A076-C367DF42BCA8} = {1B2E12FC-75D0-318D-A076-C367DF42BCA8}
		{C6284820-3A0D-3D15-AF5E-4B45485D7CF6} = {C6284820-3A0D-3D15-AF5E-4B45485D7CF6}
		{90F93224-4120-3873-B822-B459937B10F6} = {90F93224-4120-3873-B822-B459937B10F6}
		{CE245CA3-436A-3B74-92C7-5C7636C39E98} = {CE245CA3-436A-3B74-92C7-5C7636C39E98}
		{9471481C-0FFD-3542-9929-933A75899B6E} = {9471481C-0FFD-3542-9929-933A75899B6E}
		{811C6F07-F69C-32B9-BB4F-50A1BF1D6AD9} = {811C6F07-F69C-32B9-BB4F-50A1BF1D6AD9}
		{7D9452DC-61F7-3C19-9BCE-0E41B4766C15} = {7D9452DC-61F7-3C19-9BCE-0E41B4766C15}
		{577F012C-8E8A-3221-9B92-4B92B0DE3D6B} = {577F012C-8E8A-3221-9B92-4B92B0DE3D6B}
		{935DCFBC-F993-32B2-83AB-711CCD734A01} = {935DCFBC-F993-32B2-83AB-711CCD734A01}
		{C6307534-1A66-3394-BA4F-0913E9F9A630} = {C6307534-1A66-3394-BA4F-0913E9F9A630}
		{5F1381BB-7D0B-35B1-A8AD-22B34C3212F0} = {5F1381BB-7D0B-35B1-A8AD-22B34C3212F0}
	EndProjectSection
EndProject
Project("{8BC9CEB8-8B4A-11D0-8D11-00A0C91BC942}") = "ZERO_CHECK", "..\..\..\\ZERO_CHECK.vcxproj", "{BA675967-AFF6-32A8-8C3B-EBD59F986F14}"
	ProjectSection(ProjectDependencies) = postProject
	EndProjectSection
EndProject
Project("{8BC9CEB8-8B4A-11D0-8D11-00A0C91BC942}") = "cocos2d", "cocos2d.vcxproj", "{841C1027-E4F5-3C0B-A490-5D6C4F8B3A89}"
	ProjectSection(ProjectDependencies) = postProject
		{BA675967-AFF6-32A8-8C3B-EBD59F986F14} = {BA675967-AFF6-32A8-8C3B-EBD59F986F14}
		{1B2E12FC-75D0-318D-A076-C367DF42BCA8} = {1B2E12FC-75D0-318D-A076-C367DF42BCA8}
		{C6284820-3A0D-3D15-AF5E-4B45485D7CF6} = {C6284820-3A0D-3D15-AF5E-4B45485D7CF6}
		{90F93224-4120-3873-B822-B459937B10F6} = {90F93224-4120-3873-B822-B459937B10F6}
		{CE245CA3-436A-3B74-92C7-5C7636C39E98} = {CE245CA3-436A-3B74-92C7-5C7636C39E98}
		{9471481C-0FFD-3542-9929-933A75899B6E} = {9471481C-0FFD-3542-9929-933A75899B6E}
		{811C6F07-F69C-32B9-BB4F-50A1BF1D6AD9} = {811C6F07-F69C-32B9-BB4F-50A1BF1D6AD9}
		{7D9452DC-61F7-3C19-9BCE-0E41B4766C15} = {7D9452DC-61F7-3C19-9BCE-0E41B4766C15}
		{577F012C-8E8A-3221-9B92-4B92B0DE3D6B} = {577F012C-8E8A-3221-9B92-4B92B0DE3D6B}
		{935DCFBC-F993-32B2-83AB-711CCD734A01} = {935DCFBC-F993-32B2-83AB-711CCD734A01}
		{C6307534-1A66-3394-BA4F-0913E9F9A630} = {C6307534-1A66-3394-BA4F-0913E9F9A630}
		{5F1381BB-7D0B-35B1-A8AD-22B34C3212F0} = {5F1381BB-7D0B-35B1-A8AD-22B34C3212F0}
	EndProjectSection
EndProject
Project("{8BC9CEB8-8B4A-11D0-8D11-00A0C91BC942}") = "ext_clipper", "..\..\external\clipper\ext_clipper.vcxproj", "{1B2E12FC-75D0-318D-A076-C367DF42BCA8}"
	ProjectSection(ProjectDependencies) = postProject
		{BA675967-AFF6-32A8-8C3B-EBD59F986F14} = {BA675967-AFF6-32A8-8C3B-EBD59F986F14}
	EndProjectSection
EndProject
Project("{8BC9CEB8-8B4A-11D0-8D11-00A0C91BC942}") = "ext_convertUTF", "..\..\external\ConvertUTF\ext_convertUTF.vcxproj", "{C6284820-3A0D-3D15-AF5E-4B45485D7CF6}"
	ProjectSection(ProjectDependencies) = postProject
		{BA675967-AFF6-32A8-8C3B-EBD59F986F14} = {BA675967-AFF6-32A8-8C3B-EBD59F986F14}
	EndProjectSection
EndProject
Project("{8BC9CEB8-8B4A-11D0-8D11-00A0C91BC942}") = "ext_edtaa3func", "..\..\external\edtaa3func\ext_edtaa3func.vcxproj", "{90F93224-4120-3873-B822-B459937B10F6}"
	ProjectSection(ProjectDependencies) = postProject
		{BA675967-AFF6-32A8-8C3B-EBD59F986F14} = {BA675967-AFF6-32A8-8C3B-EBD59F986F14}
	EndProjectSection
EndProject
Project("{8BC9CEB8-8B4A-11D0-8D11-00A0C91BC942}") = "ext_md5", "..\..\external\md5\ext_md5.vcxproj", "{CE245CA3-436A-3B74-92C7-5C7636C39E98}"
	ProjectSection(ProjectDependencies) = postProject
		{BA675967-AFF6-32A8-8C3B-EBD59F986F14} = {BA675967-AFF6-32A8-8C3B-EBD59F986F14}
	EndProjectSection
EndProject
Project("{8BC9CEB8-8B4A-11D0-8D11-00A0C91BC942}") = "ext_poly2tri", "..\..\external\poly2tri\ext_poly2tri.vcxproj", "{9471481C-0FFD-3542-9929-933A75899B6E}"
	ProjectSection(ProjectDependencies) = postProject
		{BA675967-AFF6-32A8-8C3B-EBD59F986F14} = {BA675967-AFF6-32A8-8C3B-EBD59F986F14}
	EndProjectSection
EndProject
Project("{8BC9CEB8-8B4A-11D0-8D11-00A0C91BC942}") = "ext_recast", "..\..\external\recast\ext_recast.vcxproj", "{811C6F07-F69C-32B9-BB4F-50A1BF1D6AD9}"
	ProjectSection(ProjectDependencies) = postProject
		{BA675967-AFF6-32A8-8C3B-EBD59F986F14} = {BA675967-AFF6-32A8-8C3B-EBD59F986F14}
	EndProjectSection
EndProject
Project("{8BC9CEB8-8B4A-11D0-8D11-00A0C91BC942}") = "ext_tinyxml2", "..\..\external\tinyxml2\ext_tinyxml2.vcxproj", "{7D9452DC-61F7-3C19-9BCE-0E41B4766C15}"
	ProjectSection(ProjectDependencies) = postProject
		{BA675967-AFF6-32A8-8C3B-EBD59F986F14} = {BA675967-AFF6-32A8-8C3B-EBD59F986F14}
	EndProjectSection
EndProject
Project("{8BC9CEB8-8B4A-11D0-8D11-00A0C91BC942}") = "ext_unzip", "..\..\external\unzip\ext_unzip.vcxproj", "{577F012C-8E8A-3221-9B92-4B92B0DE3D6B}"
	ProjectSection(ProjectDependencies) = postProject
		{BA675967-AFF6-32A8-8C3B-EBD59F986F14} = {BA675967-AFF6-32A8-8C3B-EBD59F986F14}
	EndProjectSection
EndProject
Project("{8BC9CEB8-8B4A-11D0-8D11-00A0C91BC942}") = "ext_xxhash", "..\..\external\xxhash\ext_xxhash.vcxproj", "{935DCFBC-F993-32B2-83AB-711CCD734A01}"
	ProjectSection(ProjectDependencies) = postProject
		{BA675967-AFF6-32A8-8C3B-EBD59F986F14} = {BA675967-AFF6-32A8-8C3B-EBD59F986F14}
	EndProjectSection
EndProject
Project("{8BC9CEB8-8B4A-11D0-8D11-00A0C91BC942}") = "ext_xxtea", "..\..\external\xxtea\ext_xxtea.vcxproj", "{C6307534-1A66-3394-BA4F-0913E9F9A630}"
	ProjectSection(ProjectDependencies) = postProject
		{BA675967-AFF6-32A8-8C3B-EBD59F986F14} = {BA675967-AFF6-32A8-8C3B-EBD59F986F14}
	EndProjectSection
EndProject
Project("{8BC9CEB8-8B4A-11D0-8D11-00A0C91BC942}") = "external", "..\..\external\external.vcxproj", "{5F1381BB-7D0B-35B1-A8AD-22B34C3212F0}"
	ProjectSection(ProjectDependencies) = postProject
		{BA675967-AFF6-32A8-8C3B-EBD59F986F14} = {BA675967-AFF6-32A8-8C3B-EBD59F986F14}
		{1B2E12FC-75D0-318D-A076-C367DF42BCA8} = {1B2E12FC-75D0-318D-A076-C367DF42BCA8}
		{C6284820-3A0D-3D15-AF5E-4B45485D7CF6} = {C6284820-3A0D-3D15-AF5E-4B45485D7CF6}
		{90F93224-4120-3873-B822-B459937B10F6} = {90F93224-4120-3873-B822-B459937B10F6}
		{CE245CA3-436A-3B74-92C7-5C7636C39E98} = {CE245CA3-436A-3B74-92C7-5C7636C39E98}
		{9471481C-0FFD-3542-9929-933A75899B6E} = {9471481C-0FFD-3542-9929-933A75899B6E}
		{811C6F07-F69C-32B9-BB4F-50A1BF1D6AD9} = {811C6F07-F69C-32B9-BB4F-50A1BF1D6AD9}
		{7D9452DC-61F7-3C19-9BCE-0E41B4766C15} = {7D9452DC-61F7-3C19-9BCE-0E41B4766C15}
		{577F012C-8E8A-3221-9B92-4B92B0DE3D6B} = {577F012C-8E8A-3221-9B92-4B92B0DE3D6B}
		{935DCFBC-F993-32B2-83AB-711CCD734A01} = {935DCFBC-F993-32B2-83AB-711CCD734A01}
		{C6307534-1A66-3394-BA4F-0913E9F9A630} = {C6307534-1A66-3394-BA4F-0913E9F9A630}
	EndProjectSection
EndProject
Global
	GlobalSection(SolutionConfigurationPlatforms) = preSolution
		Debug|win32 = Debug|win32
		Release|win32 = Release|win32
		MinSizeRel|win32 = MinSizeRel|win32
		RelWithDebInfo|win32 = RelWithDebInfo|win32
	EndGlobalSection
	GlobalSection(ProjectConfigurationPlatforms) = postSolution
		{C0B33ED3-11BC-3715-8067-FDBE9AD66E06}.Debug|win32.ActiveCfg = Debug|win32
		{C0B33ED3-11BC-3715-8067-FDBE9AD66E06}.Release|win32.ActiveCfg = Release|win32
		{C0B33ED3-11BC-3715-8067-FDBE9AD66E06}.MinSizeRel|win32.ActiveCfg = MinSizeRel|win32
		{C0B33ED3-11BC-3715-8067-FDBE9AD66E06}.RelWithDebInfo|win32.ActiveCfg = RelWithDebInfo|win32
		{BA675967-AFF6-32A8-8C3B-EBD59F986F14}.Debug|win32.ActiveCfg = Debug|win32
		{BA675967-AFF6-32A8-8C3B-EBD59F986F14}.Debug|win32.Build.0 = Debug|win32
		{BA675967-AFF6-32A8-8C3B-EBD59F986F14}.Release|win32.ActiveCfg = Release|win32
		{BA675967-AFF6-32A8-8C3B-EBD59F986F14}.Release|win32.Build.0 = Release|win32
		{BA675967-AFF6-32A8-8C3B-EBD59F986F14}.MinSizeRel|win32.ActiveCfg = MinSizeRel|win32
		{BA675967-AFF6-32A8-8C3B-EBD59F986F14}.MinSizeRel|win32.Build.0 = MinSizeRel|win32
		{BA675967-AFF6-32A8-8C3B-EBD59F986F14}.RelWithDebInfo|win32.ActiveCfg = RelWithDebInfo|win32
		{BA675967-AFF6-32A8-8C3B-EBD59F986F14}.RelWithDebInfo|win32.Build.0 = RelWithDebInfo|win32
		{841C1027-E4F5-3C0B-A490-5D6C4F8B3A89}.Debug|win32.ActiveCfg = Debug|win32
		{841C1027-E4F5-3C0B-A490-5D6C4F8B3A89}.Debug|win32.Build.0 = Debug|win32
		{841C1027-E4F5-3C0B-A490-5D6C4F8B3A89}.Release|win32.ActiveCfg = Release|win32
		{841C1027-E4F5-3C0B-A490-5D6C4F8B3A89}.Release|win32.Build.0 = Release|win32
		{841C1027-E4F5-3C0B-A490-5D6C4F8B3A89}.MinSizeRel|win32.ActiveCfg = MinSizeRel|win32
		{841C1027-E4F5-3C0B-A490-5D6C4F8B3A89}.MinSizeRel|win32.Build.0 = MinSizeRel|win32
		{841C1027-E4F5-3C0B-A490-5D6C4F8B3A89}.RelWithDebInfo|win32.ActiveCfg = RelWithDebInfo|win32
		{841C1027-E4F5-3C0B-A490-5D6C4F8B3A89}.RelWithDebInfo|win32.Build.0 = RelWithDebInfo|win32
		{1B2E12FC-75D0-318D-A076-C367DF42BCA8}.Debug|win32.ActiveCfg = Debug|win32
		{1B2E12FC-75D0-318D-A076-C367DF42BCA8}.Debug|win32.Build.0 = Debug|win32
		{1B2E12FC-75D0-318D-A076-C367DF42BCA8}.Release|win32.ActiveCfg = Release|win32
		{1B2E12FC-75D0-318D-A076-C367DF42BCA8}.Release|win32.Build.0 = Release|win32
		{1B2E12FC-75D0-318D-A076-C367DF42BCA8}.MinSizeRel|win32.ActiveCfg = MinSizeRel|win32
		{1B2E12FC-75D0-318D-A076-C367DF42BCA8}.MinSizeRel|win32.Build.0 = MinSizeRel|win32
		{1B2E12FC-75D0-318D-A076-C367DF42BCA8}.RelWithDebInfo|win32.ActiveCfg = RelWithDebInfo|win32
		{1B2E12FC-75D0-318D-A076-C367DF42BCA8}.RelWithDebInfo|win32.Build.0 = RelWithDebInfo|win32
		{C6284820-3A0D-3D15-AF5E-4B45485D7CF6}.Debug|win32.ActiveCfg = Debug|win32
		{C6284820-3A0D-3D15-AF5E-4B45485D7CF6}.Debug|win32.Build.0 = Debug|win32
		{C6284820-3A0D-3D15-AF5E-4B45485D7CF6}.Release|win32.ActiveCfg = Release|win32
		{C6284820-3A0D-3D15-AF5E-4B45485D7CF6}.Release|win32.Build.0 = Release|win32
		{C6284820-3A0D-3D15-AF5E-4B45485D7CF6}.MinSizeRel|win32.ActiveCfg = MinSizeRel|win32
		{C6284820-3A0D-3D15-AF5E-4B45485D7CF6}.MinSizeRel|win32.Build.0 = MinSizeRel|win32
		{C6284820-3A0D-3D15-AF5E-4B45485D7CF6}.RelWithDebInfo|win32.ActiveCfg = RelWithDebInfo|win32
		{C6284820-3A0D-3D15-AF5E-4B45485D7CF6}.RelWithDebInfo|win32.Build.0 = RelWithDebInfo|win32
		{90F93224-4120-3873-B822-B459937B10F6}.Debug|win32.ActiveCfg = Debug|win32
		{90F93224-4120-3873-B822-B459937B10F6}.Debug|win32.Build.0 = Debug|win32
		{90F93224-4120-3873-B822-B459937B10F6}.Release|win32.ActiveCfg = Release|win32
		{90F93224-4120-3873-B822-B459937B10F6}.Release|win32.Build.0 = Release|win32
		{90F93224-4120-3873-B822-B459937B10F6}.MinSizeRel|win32.ActiveCfg = MinSizeRel|win32
		{90F93224-4120-3873-B822-B459937B10F6}.MinSizeRel|win32.Build.0 = MinSizeRel|win32
		{90F93224-4120-3873-B822-B459937B10F6}.RelWithDebInfo|win32.ActiveCfg = RelWithDebInfo|win32
		{90F93224-4120-3873-B822-B459937B10F6}.RelWithDebInfo|win32.Build.0 = RelWithDebInfo|win32
		{CE245CA3-436A-3B74-92C7-5C7636C39E98}.Debug|win32.ActiveCfg = Debug|win32
		{CE245CA3-436A-3B74-92C7-5C7636C39E98}.Debug|win32.Build.0 = Debug|win32
		{CE245CA3-436A-3B74-92C7-5C7636C39E98}.Release|win32.ActiveCfg = Release|win32
		{CE245CA3-436A-3B74-92C7-5C7636C39E98}.Release|win32.Build.0 = Release|win32
		{CE245CA3-436A-3B74-92C7-5C7636C39E98}.MinSizeRel|win32.ActiveCfg = MinSizeRel|win32
		{CE245CA3-436A-3B74-92C7-5C7636C39E98}.MinSizeRel|win32.Build.0 = MinSizeRel|win32
		{CE245CA3-436A-3B74-92C7-5C7636C39E98}.RelWithDebInfo|win32.ActiveCfg = RelWithDebInfo|win32
		{CE245CA3-436A-3B74-92C7-5C7636C39E98}.RelWithDebInfo|win32.Build.0 = RelWithDebInfo|win32
		{9471481C-0FFD-3542-9929-933A75899B6E}.Debug|win32.ActiveCfg = Debug|win32
		{9471481C-0FFD-3542-9929-933A75899B6E}.Debug|win32.Build.0 = Debug|win32
		{9471481C-0FFD-3542-9929-933A75899B6E}.Release|win32.ActiveCfg = Release|win32
		{9471481C-0FFD-3542-9929-933A75899B6E}.Release|win32.Build.0 = Release|win32
		{9471481C-0FFD-3542-9929-933A75899B6E}.MinSizeRel|win32.ActiveCfg = MinSizeRel|win32
		{9471481C-0FFD-3542-9929-933A75899B6E}.MinSizeRel|win32.Build.0 = MinSizeRel|win32
		{9471481C-0FFD-3542-9929-933A75899B6E}.RelWithDebInfo|win32.ActiveCfg = RelWithDebInfo|win32
		{9471481C-0FFD-3542-9929-933A75899B6E}.RelWithDebInfo|win32.Build.0 = RelWithDebInfo|win32
		{811C6F07-F69C-32B9-BB4F-50A1BF1D6AD9}.Debug|win32.ActiveCfg = Debug|win32
		{811C6F07-F69C-32B9-BB4F-50A1BF1D6AD9}.Debug|win32.Build.0 = Debug|win32
		{811C6F07-F69C-32B9-BB4F-50A1BF1D6AD9}.Release|win32.ActiveCfg = Release|win32
		{811C6F07-F69C-32B9-BB4F-50A1BF1D6AD9}.Release|win32.Build.0 = Release|win32
		{811C6F07-F69C-32B9-BB4F-50A1BF1D6AD9}.MinSizeRel|win32.ActiveCfg = MinSizeRel|win32
		{811C6F07-F69C-32B9-BB4F-50A1BF1D6AD9}.MinSizeRel|win32.Build.0 = MinSizeRel|win32
		{811C6F07-F69C-32B9-BB4F-50A1BF1D6AD9}.RelWithDebInfo|win32.ActiveCfg = RelWithDebInfo|win32
		{811C6F07-F69C-32B9-BB4F-50A1BF1D6AD9}.RelWithDebInfo|win32.Build.0 = RelWithDebInfo|win32
		{7D9452DC-61F7-3C19-9BCE-0E41B4766C15}.Debug|win32.ActiveCfg = Debug|win32
		{7D9452DC-61F7-3C19-9BCE-0E41B4766C15}.Debug|win32.Build.0 = Debug|win32
		{7D9452DC-61F7-3C19-9BCE-0E41B4766C15}.Release|win32.ActiveCfg = Release|win32
		{7D9452DC-61F7-3C19-9BCE-0E41B4766C15}.Release|win32.Build.0 = Release|win32
		{7D9452DC-61F7-3C19-9BCE-0E41B4766C15}.MinSizeRel|win32.ActiveCfg = MinSizeRel|win32
		{7D9452DC-61F7-3C19-9BCE-0E41B4766C15}.MinSizeRel|win32.Build.0 = MinSizeRel|win32
		{7D9452DC-61F7-3C19-9BCE-0E41B4766C15}.RelWithDebInfo|win32.ActiveCfg = RelWithDebInfo|win32
		{7D9452DC-61F7-3C19-9BCE-0E41B4766C15}.RelWithDebInfo|win32.Build.0 = RelWithDebInfo|win32
		{577F012C-8E8A-3221-9B92-4B92B0DE3D6B}.Debug|win32.ActiveCfg = Debug|win32
		{577F012C-8E8A-3221-9B92-4B92B0DE3D6B}.Debug|win32.Build.0 = Debug|win32
		{577F012C-8E8A-3221-9B92-4B92B0DE3D6B}.Release|win32.ActiveCfg = Release|win32
		{577F012C-8E8A-3221-9B92-4B92B0DE3D6B}.Release|win32.Build.0 = Release|win32
		{577F012C-8E8A-3221-9B92-4B92B0DE3D6B}.MinSizeRel|win32.ActiveCfg = MinSizeRel|win32
		{577F012C-8E8A-3221-9B92-4B92B0DE3D6B}.MinSizeRel|win32.Build.0 = MinSizeRel|win32
		{577F012C-8E8A-3221-9B92-4B92B0DE3D6B}.RelWithDebInfo|win32.ActiveCfg = RelWithDebInfo|win32
		{577F012C-8E8A-3221-9B92-4B92B0DE3D6B}.RelWithDebInfo|win32.Build.0 = RelWithDebInfo|win32
		{935DCFBC-F993-32B2-83AB-711CCD734A01}.Debug|win32.ActiveCfg = Debug|win32
		{935DCFBC-F993-32B2-83AB-711CCD734A01}.Debug|win32.Build.0 = Debug|win32
		{935DCFBC-F993-32B2-83AB-711CCD734A01}.Release|win32.ActiveCfg = Release|win32
		{935DCFBC-F993-32B2-83AB-711CCD734A01}.Release|win32.Build.0 = Release|win32
		{935DCFBC-F993-32B2-83AB-711CCD734A01}.MinSizeRel|win32.ActiveCfg = MinSizeRel|win32
		{935DCFBC-F993-32B2-83AB-711CCD734A01}.MinSizeRel|win32.Build.0 = MinSizeRel|win32
		{935DCFBC-F993-32B2-83AB-711CCD734A01}.RelWithDebInfo|win32.ActiveCfg = RelWithDebInfo|win32
		{935DCFBC-F993-32B2-83AB-711CCD734A01}.RelWithDebInfo|win32.Build.0 = RelWithDebInfo|win32
		{C6307534-1A66-3394-BA4F-0913E9F9A630}.Debug|win32.ActiveCfg = Debug|win32
		{C6307534-1A66-3394-BA4F-0913E9F9A630}.Debug|win32.Build.0 = Debug|win32
		{C6307534-1A66-3394-BA4F-0913E9F9A630}.Release|win32.ActiveCfg = Release|win32
		{C6307534-1A66-3394-BA4F-0913E9F9A630}.Release|win32.Build.0 = Release|win32
		{C6307534-1A66-3394-BA4F-0913E9F9A630}.MinSizeRel|win32.ActiveCfg = MinSizeRel|win32
		{C6307534-1A66-3394-BA4F-0913E9F9A630}.MinSizeRel|win32.Build.0 = MinSizeRel|win32
		{C6307534-1A66-3394-BA4F-0913E9F9A630}.RelWithDebInfo|win32.ActiveCfg = RelWithDebInfo|win32
		{C6307534-1A66-3394-BA4F-0913E9F9A630}.RelWithDebInfo|win32.Build.0 = RelWithDebInfo|win32
		{5F1381BB-7D0B-35B1-A8AD-22B34C3212F0}.Debug|win32.ActiveCfg = Debug|win32
		{5F1381BB-7D0B-35B1-A8AD-22B34C3212F0}.Debug|win32.Build.0 = Debug|win32
		{5F1381BB-7D0B-35B1-A8AD-22B34C3212F0}.Release|win32.ActiveCfg = Release|win32
		{5F1381BB-7D0B-35B1-A8AD-22B34C3212F0}.Release|win32.Build.0 = Release|win32
		{5F1381BB-7D0B-35B1-A8AD-22B34C3212F0}.MinSizeRel|win32.ActiveCfg = MinSizeRel|win32
		{5F1381BB-7D0B-35B1-A8AD-22B34C3212F0}.MinSizeRel|win32.Build.0 = MinSizeRel|win32
		{5F1381BB-7D0B-35B1-A8AD-22B34C3212F0}.RelWithDebInfo|win32.ActiveCfg = RelWithDebInfo|win32
		{5F1381BB-7D0B-35B1-A8AD-22B34C3212F0}.RelWithDebInfo|win32.Build.0 = RelWithDebInfo|win32
	EndGlobalSection
	GlobalSection(NestedProjects) = preSolution
		{C0B33ED3-11BC-3715-8067-FDBE9AD66E06} = {C96D2DC2-15C5-32CF-A98D-428B9855AA7B}
		{BA675967-AFF6-32A8-8C3B-EBD59F986F14} = {C96D2DC2-15C5-32CF-A98D-428B9855AA7B}
		{1B2E12FC-75D0-318D-A076-C367DF42BCA8} = {328CCA44-956F-3619-97F3-E8862618AF64}
		{C6284820-3A0D-3D15-AF5E-4B45485D7CF6} = {328CCA44-956F-3619-97F3-E8862618AF64}
		{90F93224-4120-3873-B822-B459937B10F6} = {328CCA44-956F-3619-97F3-E8862618AF64}
		{CE245CA3-436A-3B74-92C7-5C7636C39E98} = {328CCA44-956F-3619-97F3-E8862618AF64}
		{9471481C-0FFD-3542-9929-933A75899B6E} = {328CCA44-956F-3619-97F3-E8862618AF64}
		{811C6F07-F69C-32B9-BB4F-50A1BF1D6AD9} = {328CCA44-956F-3619-97F3-E8862618AF64}
		{7D9452DC-61F7-3C19-9BCE-0E41B4766C15} = {328CCA44-956F-3619-97F3-E8862618AF64}
		{577F012C-8E8A-3221-9B92-4B92B0DE3D6B} = {328CCA44-956F-3619-97F3-E8862618AF64}
		{935DCFBC-F993-32B2-83AB-711CCD734A01} = {328CCA44-956F-3619-97F3-E8862618AF64}
		{C6307534-1A66-3394-BA4F-0913E9F9A630} = {328CCA44-956F-3619-97F3-E8862618AF64}
		{5F1381BB-7D0B-35B1-A8AD-22B34C3212F0} = {328CCA44-956F-3619-97F3-E8862618AF64}
		{841C1027-E4F5-3C0B-A490-5D6C4F8B3A89} = {63D3546F-B97D-36F2-B663-AB0F4DF7AA34}
	EndGlobalSection
	GlobalSection(ExtensibilityGlobals) = postSolution
		SolutionGuid = {F72CC699-2A31-331E-90D1-0A109F96DB96}
	EndGlobalSection
	GlobalSection(ExtensibilityAddIns) = postSolution
	EndGlobalSection
EndGlobal
